// !$*UTF8*$!
{
	archiveVersion = 1;
	classes = {
	};
	objectVersion = 48;
	objects = {

/* Begin PBXBuildFile section */
		04F111C7210EA71C00D04810 /* AppDelegate.swift in Sources */ = {isa = PBXBuildFile; fileRef = 04F111C6210EA71C00D04810 /* AppDelegate.swift */; };
		04F111C9210EA71C00D04810 /* ViewController.swift in Sources */ = {isa = PBXBuildFile; fileRef = 04F111C8210EA71C00D04810 /* ViewController.swift */; };
		04F111CC210EA71C00D04810 /* Main.storyboard in Resources */ = {isa = PBXBuildFile; fileRef = 04F111CA210EA71C00D04810 /* Main.storyboard */; };
		04F111CE210EA71C00D04810 /* Assets.xcassets in Resources */ = {isa = PBXBuildFile; fileRef = 04F111CD210EA71C00D04810 /* Assets.xcassets */; };
		04F111D1210EA71C00D04810 /* LaunchScreen.storyboard in Resources */ = {isa = PBXBuildFile; fileRef = 04F111CF210EA71C00D04810 /* LaunchScreen.storyboard */; };
		04F111F5210EB6F700D04810 /* AppDelegate.swift in Sources */ = {isa = PBXBuildFile; fileRef = 04F111F4210EB6F700D04810 /* AppDelegate.swift */; };
		04F111F7210EB6F700D04810 /* ViewController.swift in Sources */ = {isa = PBXBuildFile; fileRef = 04F111F6210EB6F700D04810 /* ViewController.swift */; };
		04F111FA210EB6F700D04810 /* Main.storyboard in Resources */ = {isa = PBXBuildFile; fileRef = 04F111F8210EB6F700D04810 /* Main.storyboard */; };
		04F111FC210EB6F700D04810 /* Assets.xcassets in Resources */ = {isa = PBXBuildFile; fileRef = 04F111FB210EB6F700D04810 /* Assets.xcassets */; };
		04F111FF210EB6F700D04810 /* LaunchScreen.storyboard in Resources */ = {isa = PBXBuildFile; fileRef = 04F111FD210EB6F700D04810 /* LaunchScreen.storyboard */; };
		04F11205210EBBF300D04810 /* EqualHeightController.swift in Sources */ = {isa = PBXBuildFile; fileRef = 04F11204210EBBF300D04810 /* EqualHeightController.swift */; };
		04F11209210EBEA200D04810 /* RatioController.swift in Sources */ = {isa = PBXBuildFile; fileRef = 04F11208210EBEA200D04810 /* RatioController.swift */; };
		04F1120C210EC13400D04810 /* CenterController.swift in Sources */ = {isa = PBXBuildFile; fileRef = 04F1120B210EC13400D04810 /* CenterController.swift */; };
		04F1120F210EC54200D04810 /* MarginController.swift in Sources */ = {isa = PBXBuildFile; fileRef = 04F1120E210EC54200D04810 /* MarginController.swift */; };
/* End PBXBuildFile section */

/* Begin PBXFileReference section */
		04F111C3210EA71B00D04810 /* StoryStudy.app */ = {isa = PBXFileReference; explicitFileType = wrapper.application; includeInIndex = 0; path = StoryStudy.app; sourceTree = BUILT_PRODUCTS_DIR; };
		04F111C6210EA71C00D04810 /* AppDelegate.swift */ = {isa = PBXFileReference; lastKnownFileType = sourcecode.swift; path = AppDelegate.swift; sourceTree = "<group>"; };
		04F111C8210EA71C00D04810 /* ViewController.swift */ = {isa = PBXFileReference; lastKnownFileType = sourcecode.swift; path = ViewController.swift; sourceTree = "<group>"; };
		04F111CB210EA71C00D04810 /* Base */ = {isa = PBXFileReference; lastKnownFileType = file.storyboard; name = Base; path = Base.lproj/Main.storyboard; sourceTree = "<group>"; };
		04F111CD210EA71C00D04810 /* Assets.xcassets */ = {isa = PBXFileReference; lastKnownFileType = folder.assetcatalog; path = Assets.xcassets; sourceTree = "<group>"; };
		04F111D0210EA71C00D04810 /* Base */ = {isa = PBXFileReference; lastKnownFileType = file.storyboard; name = Base; path = Base.lproj/LaunchScreen.storyboard; sourceTree = "<group>"; };
		04F111D2210EA71C00D04810 /* Info.plist */ = {isa = PBXFileReference; lastKnownFileType = text.plist.xml; path = Info.plist; sourceTree = "<group>"; };
		04F111F2210EB6F700D04810 /* EasyDemo.app */ = {isa = PBXFileReference; explicitFileType = wrapper.application; includeInIndex = 0; path = EasyDemo.app; sourceTree = BUILT_PRODUCTS_DIR; };
		04F111F4210EB6F700D04810 /* AppDelegate.swift */ = {isa = PBXFileReference; lastKnownFileType = sourcecode.swift; path = AppDelegate.swift; sourceTree = "<group>"; };
		04F111F6210EB6F700D04810 /* ViewController.swift */ = {isa = PBXFileReference; lastKnownFileType = sourcecode.swift; path = ViewController.swift; sourceTree = "<group>"; };
		04F111F9210EB6F700D04810 /* Base */ = {isa = PBXFileReference; lastKnownFileType = file.storyboard; name = Base; path = Base.lproj/Main.storyboard; sourceTree = "<group>"; };
		04F111FB210EB6F700D04810 /* Assets.xcassets */ = {isa = PBXFileReference; lastKnownFileType = folder.assetcatalog; path = Assets.xcassets; sourceTree = "<group>"; };
		04F111FE210EB6F700D04810 /* Base */ = {isa = PBXFileReference; lastKnownFileType = file.storyboard; name = Base; path = Base.lproj/LaunchScreen.storyboard; sourceTree = "<group>"; };
		04F11200210EB6F700D04810 /* Info.plist */ = {isa = PBXFileReference; lastKnownFileType = text.plist.xml; path = Info.plist; sourceTree = "<group>"; };
		04F11204210EBBF300D04810 /* EqualHeightController.swift */ = {isa = PBXFileReference; lastKnownFileType = sourcecode.swift; path = EqualHeightController.swift; sourceTree = "<group>"; };
		04F11208210EBEA200D04810 /* RatioController.swift */ = {isa = PBXFileReference; lastKnownFileType = sourcecode.swift; path = RatioController.swift; sourceTree = "<group>"; };
		04F1120B210EC13400D04810 /* CenterController.swift */ = {isa = PBXFileReference; lastKnownFileType = sourcecode.swift; path = CenterController.swift; sourceTree = "<group>"; };
		04F1120E210EC54200D04810 /* MarginController.swift */ = {isa = PBXFileReference; lastKnownFileType = sourcecode.swift; path = MarginController.swift; sourceTree = "<group>"; };
/* End PBXFileReference section */

/* Begin PBXFrameworksBuildPhase section */
		04F111C0210EA71B00D04810 /* Frameworks */ = {
			isa = PBXFrameworksBuildPhase;
			buildActionMask = 2147483647;
			files = (
			);
			runOnlyForDeploymentPostprocessing = 0;
		};
		04F111EF210EB6F700D04810 /* Frameworks */ = {
			isa = PBXFrameworksBuildPhase;
			buildActionMask = 2147483647;
			files = (
			);
			runOnlyForDeploymentPostprocessing = 0;
		};
/* End PBXFrameworksBuildPhase section */

/* Begin PBXGroup section */
		04F111BA210EA71A00D04810 = {
			isa = PBXGroup;
			children = (
				04F111C5210EA71B00D04810 /* StoryStudy */,
				04F111F3210EB6F700D04810 /* EasyDemo */,
				04F111C4210EA71B00D04810 /* Products */,
			);
			sourceTree = "<group>";
		};
		04F111C4210EA71B00D04810 /* Products */ = {
			isa = PBXGroup;
			children = (
				04F111C3210EA71B00D04810 /* StoryStudy.app */,
				04F111F2210EB6F700D04810 /* EasyDemo.app */,
			);
			name = Products;
			sourceTree = "<group>";
		};
		04F111C5210EA71B00D04810 /* StoryStudy */ = {
			isa = PBXGroup;
			children = (
				04F111C6210EA71C00D04810 /* AppDelegate.swift */,
				04F111C8210EA71C00D04810 /* ViewController.swift */,
				04F111CA210EA71C00D04810 /* Main.storyboard */,
				04F111CD210EA71C00D04810 /* Assets.xcassets */,
				04F111CF210EA71C00D04810 /* LaunchScreen.storyboard */,
				04F111D2210EA71C00D04810 /* Info.plist */,
			);
			path = StoryStudy;
			sourceTree = "<group>";
		};
		04F111F3210EB6F700D04810 /* EasyDemo */ = {
			isa = PBXGroup;
			children = (
				04F111F4210EB6F700D04810 /* AppDelegate.swift */,
				04F111F6210EB6F700D04810 /* ViewController.swift */,
				04F1120D210EC50700D04810 /* 边距约束 */,
				04F11206210EBBFB00D04810 /* 等高等宽 */,
				04F11207210EBE6400D04810 /* 比例约束 */,
				04F1120A210EC0FB00D04810 /* 居中相关约束 */,
				04F11210210EDD4400D04810 /* 控件对齐约束 */,
				04F111F8210EB6F700D04810 /* Main.storyboard */,
				04F111FB210EB6F700D04810 /* Assets.xcassets */,
				04F111FD210EB6F700D04810 /* LaunchScreen.storyboard */,
				04F11200210EB6F700D04810 /* Info.plist */,
			);
			path = EasyDemo;
			sourceTree = "<group>";
		};
		04F11206210EBBFB00D04810 /* 等高等宽 */ = {
			isa = PBXGroup;
			children = (
				04F11204210EBBF300D04810 /* EqualHeightController.swift */,
			);
			path = "等高等宽";
			sourceTree = "<group>";
		};
		04F11207210EBE6400D04810 /* 比例约束 */ = {
			isa = PBXGroup;
			children = (
				04F11208210EBEA200D04810 /* RatioController.swift */,
			);
			path = "比例约束";
			sourceTree = "<group>";
		};
		04F1120A210EC0FB00D04810 /* 居中相关约束 */ = {
			isa = PBXGroup;
			children = (
				04F1120B210EC13400D04810 /* CenterController.swift */,
			);
			path = "居中相关约束";
			sourceTree = "<group>";
		};
		04F1120D210EC50700D04810 /* 边距约束 */ = {
			isa = PBXGroup;
			children = (
				04F1120E210EC54200D04810 /* MarginController.swift */,
			);
			path = "边距约束";
			sourceTree = "<group>";
		};
		04F11210210EDD4400D04810 /* 控件对齐约束 */ = {
			isa = PBXGroup;
			children = (
			);
			path = "控件对齐约束";
			sourceTree = "<group>";
		};
/* End PBXGroup section */

/* Begin PBXNativeTarget section */
		04F111C2210EA71B00D04810 /* StoryStudy */ = {
			isa = PBXNativeTarget;
			buildConfigurationList = 04F111D5210EA71C00D04810 /* Build configuration list for PBXNativeTarget "StoryStudy" */;
			buildPhases = (
				04F111BF210EA71B00D04810 /* Sources */,
				04F111C0210EA71B00D04810 /* Frameworks */,
				04F111C1210EA71B00D04810 /* Resources */,
			);
			buildRules = (
			);
			dependencies = (
			);
			name = StoryStudy;
			productName = StoryStudy;
			productReference = 04F111C3210EA71B00D04810 /* StoryStudy.app */;
			productType = "com.apple.product-type.application";
		};
		04F111F1210EB6F700D04810 /* EasyDemo */ = {
			isa = PBXNativeTarget;
			buildConfigurationList = 04F11201210EB6F700D04810 /* Build configuration list for PBXNativeTarget "EasyDemo" */;
			buildPhases = (
				04F111EE210EB6F700D04810 /* Sources */,
				04F111EF210EB6F700D04810 /* Frameworks */,
				04F111F0210EB6F700D04810 /* Resources */,
			);
			buildRules = (
			);
			dependencies = (
			);
			name = EasyDemo;
			productName = EasyDemo;
			productReference = 04F111F2210EB6F700D04810 /* EasyDemo.app */;
			productType = "com.apple.product-type.application";
		};
/* End PBXNativeTarget section */

/* Begin PBXProject section */
		04F111BB210EA71A00D04810 /* Project object */ = {
			isa = PBXProject;
			attributes = {
				LastSwiftUpdateCheck = 0910;
				LastUpgradeCheck = 0910;
				ORGANIZATIONNAME = Jason;
				TargetAttributes = {
					04F111C2210EA71B00D04810 = {
						CreatedOnToolsVersion = 9.1;
						ProvisioningStyle = Automatic;
					};
					04F111F1210EB6F700D04810 = {
						CreatedOnToolsVersion = 9.1;
						ProvisioningStyle = Automatic;
					};
				};
			};
			buildConfigurationList = 04F111BE210EA71A00D04810 /* Build configuration list for PBXProject "StoryStudy" */;
			compatibilityVersion = "Xcode 8.0";
			developmentRegion = en;
			hasScannedForEncodings = 0;
			knownRegions = (
				en,
				Base,
			);
			mainGroup = 04F111BA210EA71A00D04810;
			productRefGroup = 04F111C4210EA71B00D04810 /* Products */;
			projectDirPath = "";
			projectRoot = "";
			targets = (
				04F111C2210EA71B00D04810 /* StoryStudy */,
				04F111F1210EB6F700D04810 /* EasyDemo */,
			);
		};
/* End PBXProject section */

/* Begin PBXResourcesBuildPhase section */
		04F111C1210EA71B00D04810 /* Resources */ = {
			isa = PBXResourcesBuildPhase;
			buildActionMask = 2147483647;
			files = (
				04F111D1210EA71C00D04810 /* LaunchScreen.storyboard in Resources */,
				04F111CE210EA71C00D04810 /* Assets.xcassets in Resources */,
				04F111CC210EA71C00D04810 /* Main.storyboard in Resources */,
			);
			runOnlyForDeploymentPostprocessing = 0;
		};
		04F111F0210EB6F700D04810 /* Resources */ = {
			isa = PBXResourcesBuildPhase;
			buildActionMask = 2147483647;
			files = (
				04F111FF210EB6F700D04810 /* LaunchScreen.storyboard in Resources */,
				04F111FC210EB6F700D04810 /* Assets.xcassets in Resources */,
				04F111FA210EB6F700D04810 /* Main.storyboard in Resources */,
			);
			runOnlyForDeploymentPostprocessing = 0;
		};
/* End PBXResourcesBuildPhase section */

/* Begin PBXSourcesBuildPhase section */
		04F111BF210EA71B00D04810 /* Sources */ = {
			isa = PBXSourcesBuildPhase;
			buildActionMask = 2147483647;
			files = (
				04F111C9210EA71C00D04810 /* ViewController.swift in Sources */,
				04F111C7210EA71C00D04810 /* AppDelegate.swift in Sources */,
			);
			runOnlyForDeploymentPostprocessing = 0;
		};
		04F111EE210EB6F700D04810 /* Sources */ = {
			isa = PBXSourcesBuildPhase;
			buildActionMask = 2147483647;
			files = (
				04F111F7210EB6F700D04810 /* ViewController.swift in Sources */,
				04F1120F210EC54200D04810 /* MarginController.swift in Sources */,
				04F111F5210EB6F700D04810 /* AppDelegate.swift in Sources */,
				04F11205210EBBF300D04810 /* EqualHeightController.swift in Sources */,
				04F1120C210EC13400D04810 /* CenterController.swift in Sources */,
				04F11209210EBEA200D04810 /* RatioController.swift in Sources */,
			);
			runOnlyForDeploymentPostprocessing = 0;
		};
/* End PBXSourcesBuildPhase section */

/* Begin PBXVariantGroup section */
		04F111CA210EA71C00D04810 /* Main.storyboard */ = {
			isa = PBXVariantGroup;
			children = (
				04F111CB210EA71C00D04810 /* Base */,
			);
			name = Main.storyboard;
			sourceTree = "<group>";
		};
		04F111CF210EA71C00D04810 /* LaunchScreen.storyboard */ = {
			isa = PBXVariantGroup;
			children = (
				04F111D0210EA71C00D04810 /* Base */,
			);
			name = LaunchScreen.storyboard;
			sourceTree = "<group>";
		};
		04F111F8210EB6F700D04810 /* Main.storyboard */ = {
			isa = PBXVariantGroup;
			children = (
				04F111F9210EB6F700D04810 /* Base */,
			);
			name = Main.storyboard;
			sourceTree = "<group>";
		};
		04F111FD210EB6F700D04810 /* LaunchScreen.storyboard */ = {
			isa = PBXVariantGroup;
			children = (
				04F111FE210EB6F700D04810 /* Base */,
			);
			name = LaunchScreen.storyboard;
			sourceTree = "<group>";
		};
/* End PBXVariantGroup section */

/* Begin XCBuildConfiguration section */
		04F111D3210EA71C00D04810 /* Debug */ = {
			isa = XCBuildConfiguration;
			buildSettings = {
				ALWAYS_SEARCH_USER_PATHS = NO;
				CLANG_ANALYZER_NONNULL = YES;
				CLANG_ANALYZER_NUMBER_OBJECT_CONVERSION = YES_AGGRESSIVE;
				CLANG_CXX_LANGUAGE_STANDARD = "gnu++14";
				CLANG_CXX_LIBRARY = "libc++";
				CLANG_ENABLE_MODULES = YES;
				CLANG_ENABLE_OBJC_ARC = YES;
				CLANG_WARN_BLOCK_CAPTURE_AUTORELEASING = YES;
				CLANG_WARN_BOOL_CONVERSION = YES;
				CLANG_WARN_COMMA = YES;
				CLANG_WARN_CONSTANT_CONVERSION = YES;
				CLANG_WARN_DIRECT_OBJC_ISA_USAGE = YES_ERROR;
				CLANG_WARN_DOCUMENTATION_COMMENTS = YES;
				CLANG_WARN_EMPTY_BODY = YES;
				CLANG_WARN_ENUM_CONVERSION = YES;
				CLANG_WARN_INFINITE_RECURSION = YES;
				CLANG_WARN_INT_CONVERSION = YES;
				CLANG_WARN_NON_LITERAL_NULL_CONVERSION = YES;
				CLANG_WARN_OBJC_LITERAL_CONVERSION = YES;
				CLANG_WARN_OBJC_ROOT_CLASS = YES_ERROR;
				CLANG_WARN_RANGE_LOOP_ANALYSIS = YES;
				CLANG_WARN_STRICT_PROTOTYPES = YES;
				CLANG_WARN_SUSPICIOUS_MOVE = YES;
				CLANG_WARN_UNGUARDED_AVAILABILITY = YES_AGGRESSIVE;
				CLANG_WARN_UNREACHABLE_CODE = YES;
				CLANG_WARN__DUPLICATE_METHOD_MATCH = YES;
				CODE_SIGN_IDENTITY = "iPhone Developer";
				COPY_PHASE_STRIP = NO;
				DEBUG_INFORMATION_FORMAT = dwarf;
				ENABLE_STRICT_OBJC_MSGSEND = YES;
				ENABLE_TESTABILITY = YES;
				GCC_C_LANGUAGE_STANDARD = gnu11;
				GCC_DYNAMIC_NO_PIC = NO;
				GCC_NO_COMMON_BLOCKS = YES;
				GCC_OPTIMIZATION_LEVEL = 0;
				GCC_PREPROCESSOR_DEFINITIONS = (
					"DEBUG=1",
					"$(inherited)",
				);
				GCC_WARN_64_TO_32_BIT_CONVERSION = YES;
				GCC_WARN_ABOUT_RETURN_TYPE = YES_ERROR;
				GCC_WARN_UNDECLARED_SELECTOR = YES;
				GCC_WARN_UNINITIALIZED_AUTOS = YES_AGGRESSIVE;
				GCC_WARN_UNUSED_FUNCTION = YES;
				GCC_WARN_UNUSED_VARIABLE = YES;
				IPHONEOS_DEPLOYMENT_TARGET = 11.1;
				MTL_ENABLE_DEBUG_INFO = YES;
				ONLY_ACTIVE_ARCH = YES;
				SDKROOT = iphoneos;
				SWIFT_ACTIVE_COMPILATION_CONDITIONS = DEBUG;
				SWIFT_OPTIMIZATION_LEVEL = "-Onone";
			};
			name = Debug;
		};
		04F111D4210EA71C00D04810 /* Release */ = {
			isa = XCBuildConfiguration;
			buildSettings = {
				ALWAYS_SEARCH_USER_PATHS = NO;
				CLANG_ANALYZER_NONNULL = YES;
				CLANG_ANALYZER_NUMBER_OBJECT_CONVERSION = YES_AGGRESSIVE;
				CLANG_CXX_LANGUAGE_STANDARD = "gnu++14";
				CLANG_CXX_LIBRARY = "libc++";
				CLANG_ENABLE_MODULES = YES;
				CLANG_ENABLE_OBJC_ARC = YES;
				CLANG_WARN_BLOCK_CAPTURE_AUTORELEASING = YES;
				CLANG_WARN_BOOL_CONVERSION = YES;
				CLANG_WARN_COMMA = YES;
				CLANG_WARN_CONSTANT_CONVERSION = YES;
				CLANG_WARN_DIRECT_OBJC_ISA_USAGE = YES_ERROR;
				CLANG_WARN_DOCUMENTATION_COMMENTS = YES;
				CLANG_WARN_EMPTY_BODY = YES;
				CLANG_WARN_ENUM_CONVERSION = YES;
				CLANG_WARN_INFINITE_RECURSION = YES;
				CLANG_WARN_INT_CONVERSION = YES;
				CLANG_WARN_NON_LITERAL_NULL_CONVERSION = YES;
				CLANG_WARN_OBJC_LITERAL_CONVERSION = YES;
				CLANG_WARN_OBJC_ROOT_CLASS = YES_ERROR;
				CLANG_WARN_RANGE_LOOP_ANALYSIS = YES;
				CLANG_WARN_STRICT_PROTOTYPES = YES;
				CLANG_WARN_SUSPICIOUS_MOVE = YES;
				CLANG_WARN_UNGUARDED_AVAILABILITY = YES_AGGRESSIVE;
				CLANG_WARN_UNREACHABLE_CODE = YES;
				CLANG_WARN__DUPLICATE_METHOD_MATCH = YES;
				CODE_SIGN_IDENTITY = "iPhone Developer";
				COPY_PHASE_STRIP = NO;
				DEBUG_INFORMATION_FORMAT = "dwarf-with-dsym";
				ENABLE_NS_ASSERTIONS = NO;
				ENABLE_STRICT_OBJC_MSGSEND = YES;
				GCC_C_LANGUAGE_STANDARD = gnu11;
				GCC_NO_COMMON_BLOCKS = YES;
				GCC_WARN_64_TO_32_BIT_CONVERSION = YES;
				GCC_WARN_ABOUT_RETURN_TYPE = YES_ERROR;
				GCC_WARN_UNDECLARED_SELECTOR = YES;
				GCC_WARN_UNINITIALIZED_AUTOS = YES_AGGRESSIVE;
				GCC_WARN_UNUSED_FUNCTION = YES;
				GCC_WARN_UNUSED_VARIABLE = YES;
				IPHONEOS_DEPLOYMENT_TARGET = 11.1;
				MTL_ENABLE_DEBUG_INFO = NO;
				SDKROOT = iphoneos;
				SWIFT_OPTIMIZATION_LEVEL = "-Owholemodule";
				VALIDATE_PRODUCT = YES;
			};
			name = Release;
		};
		04F111D6210EA71C00D04810 /* Debug */ = {
			isa = XCBuildConfiguration;
			buildSettings = {
				ASSETCATALOG_COMPILER_APPICON_NAME = AppIcon;
				CODE_SIGN_STYLE = Automatic;
				DEVELOPMENT_TEAM = QC99NC4K7B;
				INFOPLIST_FILE = StoryStudy/Info.plist;
				LD_RUNPATH_SEARCH_PATHS = "$(inherited) @executable_path/Frameworks";
				PRODUCT_BUNDLE_IDENTIFIER = com.Jason.StoryStudy;
				PRODUCT_NAME = "$(TARGET_NAME)";
				SWIFT_VERSION = 4.0;
				TARGETED_DEVICE_FAMILY = "1,2";
			};
			name = Debug;
		};
		04F111D7210EA71C00D04810 /* Release */ = {
			isa = XCBuildConfiguration;
			buildSettings = {
				ASSETCATALOG_COMPILER_APPICON_NAME = AppIcon;
				CODE_SIGN_STYLE = Automatic;
				DEVELOPMENT_TEAM = QC99NC4K7B;
				INFOPLIST_FILE = StoryStudy/Info.plist;
				LD_RUNPATH_SEARCH_PATHS = "$(inherited) @executable_path/Frameworks";
				PRODUCT_BUNDLE_IDENTIFIER = com.Jason.StoryStudy;
				PRODUCT_NAME = "$(TARGET_NAME)";
				SWIFT_VERSION = 4.0;
				TARGETED_DEVICE_FAMILY = "1,2";
			};
			name = Release;
		};
		04F11202210EB6F700D04810 /* Debug */ = {
			isa = XCBuildConfiguration;
			buildSettings = {
				ASSETCATALOG_COMPILER_APPICON_NAME = AppIcon;
				CODE_SIGN_STYLE = Automatic;
				DEVELOPMENT_TEAM = QC99NC4K7B;
				INFOPLIST_FILE = EasyDemo/Info.plist;
				LD_RUNPATH_SEARCH_PATHS = "$(inherited) @executable_path/Frameworks";
				PRODUCT_BUNDLE_IDENTIFIER = com.Jason.EasyDemo;
				PRODUCT_NAME = "$(TARGET_NAME)";
				SWIFT_VERSION = 4.0;
				TARGETED_DEVICE_FAMILY = "1,2";
			};
			name = Debug;
		};
		04F11203210EB6F700D04810 /* Release */ = {
			isa = XCBuildConfiguration;
			buildSettings = {
				ASSETCATALOG_COMPILER_APPICON_NAME = AppIcon;
				CODE_SIGN_STYLE = Automatic;
				DEVELOPMENT_TEAM = QC99NC4K7B;
				INFOPLIST_FILE = EasyDemo/Info.plist;
				LD_RUNPATH_SEARCH_PATHS = "$(inherited) @executable_path/Frameworks";
				PRODUCT_BUNDLE_IDENTIFIER = com.Jason.EasyDemo;
				PRODUCT_NAME = "$(TARGET_NAME)";
				SWIFT_VERSION = 4.0;
				TARGETED_DEVICE_FAMILY = "1,2";
			};
			name = Release;
		};
/* End XCBuildConfiguration section */

/* Begin XCConfigurationList section */
		04F111BE210EA71A00D04810 /* Build configuration list for PBXProject "StoryStudy" */ = {
			isa = XCConfigurationList;
			buildConfigurations = (
				04F111D3210EA71C00D04810 /* Debug */,
				04F111D4210EA71C00D04810 /* Release */,
			);
			defaultConfigurationIsVisible = 0;
			defaultConfigurationName = Release;
		};
		04F111D5210EA71C00D04810 /* Build configuration list for PBXNativeTarget "StoryStudy" */ = {
			isa = XCConfigurationList;
			buildConfigurations = (
				04F111D6210EA71C00D04810 /* Debug */,
				04F111D7210EA71C00D04810 /* Release */,
			);
			defaultConfigurationIsVisible = 0;
			defaultConfigurationName = Release;
		};
		04F11201210EB6F700D04810 /* Build configuration list for PBXNativeTarget "EasyDemo" */ = {
			isa = XCConfigurationList;
			buildConfigurations = (
				04F11202210EB6F700D04810 /* Debug */,
				04F11203210EB6F700D04810 /* Release */,
			);
			defaultConfigurationIsVisible = 0;
			defaultConfigurationName = Release;
		};
/* End XCConfigurationList section */
	};
	rootObject = 04F111BB210EA71A00D04810 /* Project object */;
}
